
Microsoft Visual Studio Solution File, Format Version 12.00
# Visual Studio Version 17
VisualStudioVersion = 17.8.34330.188
MinimumVisualStudioVersion = 10.0.40219.1
Project("{FAE04EC0-301F-11D3-BF4B-00C04F79EFBC}") = "Game", "Game.csproj", "{F2D9A978-C910-4967-AF08-806033473678}"
EndProject
Project("{FAE04EC0-301F-11D3-BF4B-00C04F79EFBC}") = "GameServer", "..\GameServer\GameServer.csproj", "{1EC872B8-247B-48BC-9F1B-F636C54EDFFF}"
EndProject
Global
	GlobalSection(SolutionConfigurationPlatforms) = preSolution
		Debug|Any CPU = Debug|Any CPU
		Release|Any CPU = Release|Any CPU
	EndGlobalSection
	GlobalSection(ProjectConfigurationPlatforms) = postSolution
		{F2D9A978-C910-4967-AF08-806033473678}.Debug|Any CPU.ActiveCfg = Debug|Any CPU
		{F2D9A978-C910-4967-AF08-806033473678}.Debug|Any CPU.Build.0 = Debug|Any CPU
		{F2D9A978-C910-4967-AF08-806033473678}.Release|Any CPU.ActiveCfg = Release|Any CPU
		{F2D9A978-C910-4967-AF08-806033473678}.Release|Any CPU.Build.0 = Release|Any CPU
		{1EC872B8-247B-48BC-9F1B-F636C54EDFFF}.Debug|Any CPU.ActiveCfg = Debug|Any CPU
		{1EC872B8-247B-48BC-9F1B-F636C54EDFFF}.Debug|Any CPU.Build.0 = Debug|Any CPU
		{1EC872B8-247B-48BC-9F1B-F636C54EDFFF}.Release|Any CPU.ActiveCfg = Release|Any CPU
		{1EC872B8-247B-48BC-9F1B-F636C54EDFFF}.Release|Any CPU.Build.0 = Release|Any CPU
	EndGlobalSection
	GlobalSection(SolutionProperties) = preSolution
		HideSolutionNode = FALSE
	EndGlobalSection
	GlobalSection(ExtensibilityGlobals) = postSolution
		SolutionGuid = {C17A64D9-F41B-419B-AB0C-9D5DD5FE4610}
	EndGlobalSection
EndGlobal
